
Microsoft Visual Studio Solution File, Format Version 12.00
# Visual Studio Version 16
VisualStudioVersion = 16.0.31005.135
MinimumVisualStudioVersion = 10.0.40219.1
Project("{9A19103F-16F7-4668-BE54-9A1E7A4F7556}") = "uno.test", "uno.test.csproj", "{9471DFDC-C4CD-47AB-973A-F227AB9B07F3}"
EndProject
Project("{9A19103F-16F7-4668-BE54-9A1E7A4F7556}") = "FNA.Core", "..\external\FNA\FNA.Core.csproj", "{37D1A297-4BC9-447A-9B03-CA1985B07F36}"
EndProject
Global
	GlobalSection(SolutionConfigurationPlatforms) = preSolution
		Debug|Any CPU = Debug|Any CPU
		Debug|x64 = Debug|x64
		Release|Any CPU = Release|Any CPU
		Release|x64 = Release|x64
	EndGlobalSection
	GlobalSection(ProjectConfigurationPlatforms) = postSolution
		{9471DFDC-C4CD-47AB-973A-F227AB9B07F3}.Debug|Any CPU.ActiveCfg = Debug|Any CPU
		{9471DFDC-C4CD-47AB-973A-F227AB9B07F3}.Debug|Any CPU.Build.0 = Debug|Any CPU
		{9471DFDC-C4CD-47AB-973A-F227AB9B07F3}.Debug|x64.ActiveCfg = Debug|Any CPU
		{9471DFDC-C4CD-47AB-973A-F227AB9B07F3}.Debug|x64.Build.0 = Debug|Any CPU
		{9471DFDC-C4CD-47AB-973A-F227AB9B07F3}.Release|Any CPU.ActiveCfg = Release|Any CPU
		{9471DFDC-C4CD-47AB-973A-F227AB9B07F3}.Release|Any CPU.Build.0 = Release|Any CPU
		{9471DFDC-C4CD-47AB-973A-F227AB9B07F3}.Release|x64.ActiveCfg = Release|Any CPU
		{9471DFDC-C4CD-47AB-973A-F227AB9B07F3}.Release|x64.Build.0 = Release|Any CPU
		{37D1A297-4BC9-447A-9B03-CA1985B07F36}.Debug|Any CPU.ActiveCfg = Debug|x64
		{37D1A297-4BC9-447A-9B03-CA1985B07F36}.Debug|Any CPU.Build.0 = Debug|x64
		{37D1A297-4BC9-447A-9B03-CA1985B07F36}.Debug|x64.ActiveCfg = Debug|x64
		{37D1A297-4BC9-447A-9B03-CA1985B07F36}.Debug|x64.Build.0 = Debug|x64
		{37D1A297-4BC9-447A-9B03-CA1985B07F36}.Release|Any CPU.ActiveCfg = Release|x64
		{37D1A297-4BC9-447A-9B03-CA1985B07F36}.Release|Any CPU.Build.0 = Release|x64
		{37D1A297-4BC9-447A-9B03-CA1985B07F36}.Release|x64.ActiveCfg = Release|x64
		{37D1A297-4BC9-447A-9B03-CA1985B07F36}.Release|x64.Build.0 = Release|x64
	EndGlobalSection
	GlobalSection(SolutionProperties) = preSolution
		HideSolutionNode = FALSE
	EndGlobalSection
	GlobalSection(ExtensibilityGlobals) = postSolution
		SolutionGuid = {DEB7A09C-7254-425F-9E6E-96DEDD9C33B2}
	EndGlobalSection
EndGlobal
